
Microsoft Visual Studio Solution File, Format Version 12.00
# Visual Studio 2013
VisualStudioVersion = 12.0.30723.0
MinimumVisualStudioVersion = 10.0.40219.1
Project("{FAE04EC0-301F-11D3-BF4B-00C04F79EFBC}") = "InfernoDb.Models", "InfernoDb.Models\InfernoDb.Models.csproj", "{E83D7E28-BF10-4998-8E6F-BEE3C6601A66}"
EndProject
Project("{FAE04EC0-301F-11D3-BF4B-00C04F79EFBC}") = "InfernoDb.Data", "InfernoDb.Data\InfernoDb.Data.csproj", "{273B165B-FF1A-4219-A86E-6B4E1C4F99F6}"
EndProject
Project("{FAE04EC0-301F-11D3-BF4B-00C04F79EFBC}") = "InfernoDb.Client", "InfernoDb.Client\InfernoDb.Client.csproj", "{493FEB63-9729-4CB6-BD33-5BF119EAD46A}"
EndProject
Global
	GlobalSection(SolutionConfigurationPlatforms) = preSolution
		Debug|Any CPU = Debug|Any CPU
		Release|Any CPU = Release|Any CPU
	EndGlobalSection
	GlobalSection(ProjectConfigurationPlatforms) = postSolution
		{E83D7E28-BF10-4998-8E6F-BEE3C6601A66}.Debug|Any CPU.ActiveCfg = Debug|Any CPU
		{E83D7E28-BF10-4998-8E6F-BEE3C6601A66}.Debug|Any CPU.Build.0 = Debug|Any CPU
		{E83D7E28-BF10-4998-8E6F-BEE3C6601A66}.Release|Any CPU.ActiveCfg = Release|Any CPU
		{E83D7E28-BF10-4998-8E6F-BEE3C6601A66}.Release|Any CPU.Build.0 = Release|Any CPU
		{273B165B-FF1A-4219-A86E-6B4E1C4F99F6}.Debug|Any CPU.ActiveCfg = Debug|Any CPU
		{273B165B-FF1A-4219-A86E-6B4E1C4F99F6}.Debug|Any CPU.Build.0 = Debug|Any CPU
		{273B165B-FF1A-4219-A86E-6B4E1C4F99F6}.Release|Any CPU.ActiveCfg = Release|Any CPU
		{273B165B-FF1A-4219-A86E-6B4E1C4F99F6}.Release|Any CPU.Build.0 = Release|Any CPU
		{493FEB63-9729-4CB6-BD33-5BF119EAD46A}.Debug|Any CPU.ActiveCfg = Debug|Any CPU
		{493FEB63-9729-4CB6-BD33-5BF119EAD46A}.Debug|Any CPU.Build.0 = Debug|Any CPU
		{493FEB63-9729-4CB6-BD33-5BF119EAD46A}.Release|Any CPU.ActiveCfg = Release|Any CPU
		{493FEB63-9729-4CB6-BD33-5BF119EAD46A}.Release|Any CPU.Build.0 = Release|Any CPU
	EndGlobalSection
	GlobalSection(SolutionProperties) = preSolution
		HideSolutionNode = FALSE
	EndGlobalSection
EndGlobal
